
Microsoft Visual Studio Solution File, Format Version 12.00
# Visual Studio Version 17
VisualStudioVersion = 17.0.31903.59
MinimumVisualStudioVersion = 10.0.40219.1
Project("{FAE04EC0-301F-11D3-BF4B-00C04F79EFBC}") = "UserDirectory.WebApi", "WebApi\UserDirectory.WebApi.csproj", "{7DC88E2C-EFA8-41A6-9415-DD61C359DC81}"
EndProject
Project("{FAE04EC0-301F-11D3-BF4B-00C04F79EFBC}") = "UserDirectory.Domain", "Domain\UserDirectory.Domain.csproj", "{B16C879F-438D-467A-B0DD-F038CBB25E9B}"
EndProject
Project("{FAE04EC0-301F-11D3-BF4B-00C04F79EFBC}") = "UserDirectory.Application", "Application\UserDirectory.Application.csproj", "{AD03287B-F0FA-4553-95B4-E0669C7A96C9}"
EndProject
Project("{FAE04EC0-301F-11D3-BF4B-00C04F79EFBC}") = "UserDirectory.Infrastructure.Sql", "Infrastructure.Sql\UserDirectory.Infrastructure.Sql.csproj", "{9F027726-EB12-439B-8C84-0BCD6698D323}"
EndProject
Project("{FAE04EC0-301F-11D3-BF4B-00C04F79EFBC}") = "UserDirectory.Infrastructure.Mongo", "Infrastructure.Mongo\UserDirectory.Infrastructure.Mongo.csproj", "{AE50E31F-ECD0-4A76-B06D-230AC9268709}"
EndProject
Project("{FAE04EC0-301F-11D3-BF4B-00C04F79EFBC}") = "WebApi.IntegrationTests", "WebApi.IntegrationTests\WebApi.IntegrationTests.csproj", "{8204567C-F51A-4DA0-9BDC-A26B74800F71}"
EndProject
Global
	GlobalSection(SolutionConfigurationPlatforms) = preSolution
		Debug|Any CPU = Debug|Any CPU
		Release|Any CPU = Release|Any CPU
	EndGlobalSection
	GlobalSection(ProjectConfigurationPlatforms) = postSolution
		{7DC88E2C-EFA8-41A6-9415-DD61C359DC81}.Debug|Any CPU.ActiveCfg = Debug|Any CPU
		{7DC88E2C-EFA8-41A6-9415-DD61C359DC81}.Debug|Any CPU.Build.0 = Debug|Any CPU
		{7DC88E2C-EFA8-41A6-9415-DD61C359DC81}.Release|Any CPU.ActiveCfg = Release|Any CPU
		{7DC88E2C-EFA8-41A6-9415-DD61C359DC81}.Release|Any CPU.Build.0 = Release|Any CPU
		{B16C879F-438D-467A-B0DD-F038CBB25E9B}.Debug|Any CPU.ActiveCfg = Debug|Any CPU
		{B16C879F-438D-467A-B0DD-F038CBB25E9B}.Debug|Any CPU.Build.0 = Debug|Any CPU
		{B16C879F-438D-467A-B0DD-F038CBB25E9B}.Release|Any CPU.ActiveCfg = Release|Any CPU
		{B16C879F-438D-467A-B0DD-F038CBB25E9B}.Release|Any CPU.Build.0 = Release|Any CPU
		{AD03287B-F0FA-4553-95B4-E0669C7A96C9}.Debug|Any CPU.ActiveCfg = Debug|Any CPU
		{AD03287B-F0FA-4553-95B4-E0669C7A96C9}.Debug|Any CPU.Build.0 = Debug|Any CPU
		{AD03287B-F0FA-4553-95B4-E0669C7A96C9}.Release|Any CPU.ActiveCfg = Release|Any CPU
		{AD03287B-F0FA-4553-95B4-E0669C7A96C9}.Release|Any CPU.Build.0 = Release|Any CPU
		{9F027726-EB12-439B-8C84-0BCD6698D323}.Debug|Any CPU.ActiveCfg = Debug|Any CPU
		{9F027726-EB12-439B-8C84-0BCD6698D323}.Debug|Any CPU.Build.0 = Debug|Any CPU
		{9F027726-EB12-439B-8C84-0BCD6698D323}.Release|Any CPU.ActiveCfg = Release|Any CPU
		{9F027726-EB12-439B-8C84-0BCD6698D323}.Release|Any CPU.Build.0 = Release|Any CPU
		{AE50E31F-ECD0-4A76-B06D-230AC9268709}.Debug|Any CPU.ActiveCfg = Debug|Any CPU
		{AE50E31F-ECD0-4A76-B06D-230AC9268709}.Debug|Any CPU.Build.0 = Debug|Any CPU
		{AE50E31F-ECD0-4A76-B06D-230AC9268709}.Release|Any CPU.ActiveCfg = Release|Any CPU
		{AE50E31F-ECD0-4A76-B06D-230AC9268709}.Release|Any CPU.Build.0 = Release|Any CPU
		{8204567C-F51A-4DA0-9BDC-A26B74800F71}.Debug|Any CPU.ActiveCfg = Debug|Any CPU
		{8204567C-F51A-4DA0-9BDC-A26B74800F71}.Debug|Any CPU.Build.0 = Debug|Any CPU
		{8204567C-F51A-4DA0-9BDC-A26B74800F71}.Release|Any CPU.ActiveCfg = Release|Any CPU
		{8204567C-F51A-4DA0-9BDC-A26B74800F71}.Release|Any CPU.Build.0 = Release|Any CPU
	EndGlobalSection
	GlobalSection(SolutionProperties) = preSolution
		HideSolutionNode = FALSE
	EndGlobalSection
EndGlobal
